
Microsoft Visual Studio Solution File, Format Version 12.00
# Visual Studio Version 17
VisualStudioVersion = 17.2.32519.379
MinimumVisualStudioVersion = 10.0.40219.1
Project("{9A19103F-16F7-4668-BE54-9A1E7A4F7556}") = "ITSLocation.API", "ITSLocation.API.csproj", "{E0FA6A69-CC4B-4E8E-9FBE-EE0C3F56CD0A}"
EndProject
Project("{2150E333-8FDC-42A3-9474-1A3956D46DE8}") = "presentation", "presentation", "{CA59C785-4D62-4F63-A05C-15ECDE83D762}"
EndProject
Project("{2150E333-8FDC-42A3-9474-1A3956D46DE8}") = "src", "src", "{4926A45F-1842-41A0-959A-A0B0341258FC}"
EndProject
Project("{2150E333-8FDC-42A3-9474-1A3956D46DE8}") = "test", "test", "{3A804ACD-317B-4C6A-852D-C56B5710FF4D}"
EndProject
Project("{9A19103F-16F7-4668-BE54-9A1E7A4F7556}") = "ITSLocation.Application", "..\ITSLocation.Application\ITSLocation.Application.csproj", "{BCBE2DF5-4C2F-454D-9270-08B2EF8C119D}"
EndProject
Project("{9A19103F-16F7-4668-BE54-9A1E7A4F7556}") = "ITSLocation.Domain", "..\ITSLocation.Domain\ITSLocation.Domain.csproj", "{D8ABBAD4-8C39-4811-9325-525DDC11E135}"
EndProject
Project("{9A19103F-16F7-4668-BE54-9A1E7A4F7556}") = "ITSLocation.Infrastructure", "..\ITSLocation.Infrastructure\ITSLocation.Infrastructure.csproj", "{468079DF-4569-4F38-A3A9-6FCF16D68837}"
EndProject
Project("{9A19103F-16F7-4668-BE54-9A1E7A4F7556}") = "ITSLocation.API.UnitTesting", "..\ITSLocationAPI.UnitTesting\ITSLocation.API.UnitTesting.csproj", "{94463DA6-54C3-4498-BF3F-F88C62EE6FCA}"
EndProject
Project("{FAE04EC0-301F-11D3-BF4B-00C04F79EFBC}") = "ITSLocation.Application.UnitTesting", "..\ITSLocation.API.UnitTestingPresentacion\ITSLocation.Application.UnitTesting.csproj", "{CE4E9996-557E-41A3-BC44-7F79538A5C5A}"
EndProject
Project("{FAE04EC0-301F-11D3-BF4B-00C04F79EFBC}") = "ITSLocation.Domain.UnitTesting", "..\ITSLocation.API.UnitTestingSrc\ITSLocation.Domain.UnitTesting.csproj", "{A95CDD1C-D60E-4204-BA47-316DB89D7A6B}"
EndProject
Project("{FAE04EC0-301F-11D3-BF4B-00C04F79EFBC}") = "ITSLocation.Infrastructure.UnitTesting", "..\ITSLocation.Infrastructure.UnitTesting\ITSLocation.Infrastructure.UnitTesting.csproj", "{24FFDF47-0F0B-4347-BA9C-F28AC0DD3285}"
EndProject
Global
	GlobalSection(SolutionConfigurationPlatforms) = preSolution
		Debug|Any CPU = Debug|Any CPU
		Release|Any CPU = Release|Any CPU
	EndGlobalSection
	GlobalSection(ProjectConfigurationPlatforms) = postSolution
		{E0FA6A69-CC4B-4E8E-9FBE-EE0C3F56CD0A}.Debug|Any CPU.ActiveCfg = Debug|Any CPU
		{E0FA6A69-CC4B-4E8E-9FBE-EE0C3F56CD0A}.Debug|Any CPU.Build.0 = Debug|Any CPU
		{E0FA6A69-CC4B-4E8E-9FBE-EE0C3F56CD0A}.Release|Any CPU.ActiveCfg = Release|Any CPU
		{E0FA6A69-CC4B-4E8E-9FBE-EE0C3F56CD0A}.Release|Any CPU.Build.0 = Release|Any CPU
		{BCBE2DF5-4C2F-454D-9270-08B2EF8C119D}.Debug|Any CPU.ActiveCfg = Debug|Any CPU
		{BCBE2DF5-4C2F-454D-9270-08B2EF8C119D}.Debug|Any CPU.Build.0 = Debug|Any CPU
		{BCBE2DF5-4C2F-454D-9270-08B2EF8C119D}.Release|Any CPU.ActiveCfg = Release|Any CPU
		{BCBE2DF5-4C2F-454D-9270-08B2EF8C119D}.Release|Any CPU.Build.0 = Release|Any CPU
		{D8ABBAD4-8C39-4811-9325-525DDC11E135}.Debug|Any CPU.ActiveCfg = Debug|Any CPU
		{D8ABBAD4-8C39-4811-9325-525DDC11E135}.Debug|Any CPU.Build.0 = Debug|Any CPU
		{D8ABBAD4-8C39-4811-9325-525DDC11E135}.Release|Any CPU.ActiveCfg = Release|Any CPU
		{D8ABBAD4-8C39-4811-9325-525DDC11E135}.Release|Any CPU.Build.0 = Release|Any CPU
		{468079DF-4569-4F38-A3A9-6FCF16D68837}.Debug|Any CPU.ActiveCfg = Debug|Any CPU
		{468079DF-4569-4F38-A3A9-6FCF16D68837}.Debug|Any CPU.Build.0 = Debug|Any CPU
		{468079DF-4569-4F38-A3A9-6FCF16D68837}.Release|Any CPU.ActiveCfg = Release|Any CPU
		{468079DF-4569-4F38-A3A9-6FCF16D68837}.Release|Any CPU.Build.0 = Release|Any CPU
		{94463DA6-54C3-4498-BF3F-F88C62EE6FCA}.Debug|Any CPU.ActiveCfg = Debug|Any CPU
		{94463DA6-54C3-4498-BF3F-F88C62EE6FCA}.Debug|Any CPU.Build.0 = Debug|Any CPU
		{94463DA6-54C3-4498-BF3F-F88C62EE6FCA}.Release|Any CPU.ActiveCfg = Release|Any CPU
		{94463DA6-54C3-4498-BF3F-F88C62EE6FCA}.Release|Any CPU.Build.0 = Release|Any CPU
		{CE4E9996-557E-41A3-BC44-7F79538A5C5A}.Debug|Any CPU.ActiveCfg = Debug|Any CPU
		{CE4E9996-557E-41A3-BC44-7F79538A5C5A}.Debug|Any CPU.Build.0 = Debug|Any CPU
		{CE4E9996-557E-41A3-BC44-7F79538A5C5A}.Release|Any CPU.ActiveCfg = Release|Any CPU
		{CE4E9996-557E-41A3-BC44-7F79538A5C5A}.Release|Any CPU.Build.0 = Release|Any CPU
		{A95CDD1C-D60E-4204-BA47-316DB89D7A6B}.Debug|Any CPU.ActiveCfg = Debug|Any CPU
		{A95CDD1C-D60E-4204-BA47-316DB89D7A6B}.Debug|Any CPU.Build.0 = Debug|Any CPU
		{A95CDD1C-D60E-4204-BA47-316DB89D7A6B}.Release|Any CPU.ActiveCfg = Release|Any CPU
		{A95CDD1C-D60E-4204-BA47-316DB89D7A6B}.Release|Any CPU.Build.0 = Release|Any CPU
		{24FFDF47-0F0B-4347-BA9C-F28AC0DD3285}.Debug|Any CPU.ActiveCfg = Debug|Any CPU
		{24FFDF47-0F0B-4347-BA9C-F28AC0DD3285}.Debug|Any CPU.Build.0 = Debug|Any CPU
		{24FFDF47-0F0B-4347-BA9C-F28AC0DD3285}.Release|Any CPU.ActiveCfg = Release|Any CPU
		{24FFDF47-0F0B-4347-BA9C-F28AC0DD3285}.Release|Any CPU.Build.0 = Release|Any CPU
	EndGlobalSection
	GlobalSection(SolutionProperties) = preSolution
		HideSolutionNode = FALSE
	EndGlobalSection
	GlobalSection(NestedProjects) = preSolution
		{E0FA6A69-CC4B-4E8E-9FBE-EE0C3F56CD0A} = {CA59C785-4D62-4F63-A05C-15ECDE83D762}
		{BCBE2DF5-4C2F-454D-9270-08B2EF8C119D} = {4926A45F-1842-41A0-959A-A0B0341258FC}
		{D8ABBAD4-8C39-4811-9325-525DDC11E135} = {4926A45F-1842-41A0-959A-A0B0341258FC}
		{468079DF-4569-4F38-A3A9-6FCF16D68837} = {4926A45F-1842-41A0-959A-A0B0341258FC}
		{94463DA6-54C3-4498-BF3F-F88C62EE6FCA} = {3A804ACD-317B-4C6A-852D-C56B5710FF4D}
		{CE4E9996-557E-41A3-BC44-7F79538A5C5A} = {3A804ACD-317B-4C6A-852D-C56B5710FF4D}
		{A95CDD1C-D60E-4204-BA47-316DB89D7A6B} = {3A804ACD-317B-4C6A-852D-C56B5710FF4D}
		{24FFDF47-0F0B-4347-BA9C-F28AC0DD3285} = {3A804ACD-317B-4C6A-852D-C56B5710FF4D}
	EndGlobalSection
	GlobalSection(ExtensibilityGlobals) = postSolution
		SolutionGuid = {66F1B014-A01C-44E6-B3E0-B7E69BE5FC37}
	EndGlobalSection
EndGlobal
